
Microsoft Visual Studio Solution File, Format Version 12.00
# Visual Studio Version 16
VisualStudioVersion = 16.0.31624.102
MinimumVisualStudioVersion = 10.0.40219.1
Project("{9A19103F-16F7-4668-BE54-9A1E7A4F7556}") = "webApiDesadio2.0", "webApiDesadio2.0.csproj", "{D0DAF09B-F9F5-4069-8BB7-BEC39850FA58}"
EndProject
Global
	GlobalSection(SolutionConfigurationPlatforms) = preSolution
		Debug|Any CPU = Debug|Any CPU
		Release|Any CPU = Release|Any CPU
	EndGlobalSection
	GlobalSection(ProjectConfigurationPlatforms) = postSolution
		{D0DAF09B-F9F5-4069-8BB7-BEC39850FA58}.Debug|Any CPU.ActiveCfg = Debug|Any CPU
		{D0DAF09B-F9F5-4069-8BB7-BEC39850FA58}.Debug|Any CPU.Build.0 = Debug|Any CPU
		{D0DAF09B-F9F5-4069-8BB7-BEC39850FA58}.Release|Any CPU.ActiveCfg = Release|Any CPU
		{D0DAF09B-F9F5-4069-8BB7-BEC39850FA58}.Release|Any CPU.Build.0 = Release|Any CPU
	EndGlobalSection
	GlobalSection(SolutionProperties) = preSolution
		HideSolutionNode = FALSE
	EndGlobalSection
	GlobalSection(ExtensibilityGlobals) = postSolution
		SolutionGuid = {764D455A-E3A3-4F3E-A563-6E99C943D2CA}
	EndGlobalSection
EndGlobal
